
Microsoft Visual Studio Solution File, Format Version 12.00
# Visual Studio Version 17
VisualStudioVersion = 17.14.36221.1
MinimumVisualStudioVersion = 10.0.40219.1
Project("{FAE04EC0-301F-11D3-BF4B-00C04F79EFBC}") = "Assignment3", "Ass1_C#\Assignment3.csproj", "{74A2FBE4-1AE9-419A-8E84-C63318AD8A0C}"
EndProject
Project("{FAE04EC0-301F-11D3-BF4B-00C04F79EFBC}") = "C44-G02-doki-C#04", "C44-G02-doki-C#04\C44-G02-doki-C#04.csproj", "{7B941D7E-582F-4E20-9BB8-057FDBA5EE5F}"
EndProject
Project("{FAE04EC0-301F-11D3-BF4B-00C04F79EFBC}") = "C44-G02-doki-C#05", "C44-G02-doki-C#05\C44-G02-doki-C#05.csproj", "{3A438A41-76C9-4587-A294-70457047926C}"
EndProject
Project("{FAE04EC0-301F-11D3-BF4B-00C04F79EFBC}") = "C44-G02-doki-C#06", "C44-G02-doki-C#06\C44-G02-doki-C#06.csproj", "{EAE6B6AB-1499-416B-8F9D-C246737C1237}"
EndProject
Global
	GlobalSection(SolutionConfigurationPlatforms) = preSolution
		Debug|Any CPU = Debug|Any CPU
		Release|Any CPU = Release|Any CPU
	EndGlobalSection
	GlobalSection(ProjectConfigurationPlatforms) = postSolution
		{74A2FBE4-1AE9-419A-8E84-C63318AD8A0C}.Debug|Any CPU.ActiveCfg = Debug|Any CPU
		{74A2FBE4-1AE9-419A-8E84-C63318AD8A0C}.Debug|Any CPU.Build.0 = Debug|Any CPU
		{74A2FBE4-1AE9-419A-8E84-C63318AD8A0C}.Release|Any CPU.ActiveCfg = Release|Any CPU
		{74A2FBE4-1AE9-419A-8E84-C63318AD8A0C}.Release|Any CPU.Build.0 = Release|Any CPU
		{7B941D7E-582F-4E20-9BB8-057FDBA5EE5F}.Debug|Any CPU.ActiveCfg = Debug|Any CPU
		{7B941D7E-582F-4E20-9BB8-057FDBA5EE5F}.Debug|Any CPU.Build.0 = Debug|Any CPU
		{7B941D7E-582F-4E20-9BB8-057FDBA5EE5F}.Release|Any CPU.ActiveCfg = Release|Any CPU
		{7B941D7E-582F-4E20-9BB8-057FDBA5EE5F}.Release|Any CPU.Build.0 = Release|Any CPU
		{3A438A41-76C9-4587-A294-70457047926C}.Debug|Any CPU.ActiveCfg = Debug|Any CPU
		{3A438A41-76C9-4587-A294-70457047926C}.Debug|Any CPU.Build.0 = Debug|Any CPU
		{3A438A41-76C9-4587-A294-70457047926C}.Release|Any CPU.ActiveCfg = Release|Any CPU
		{3A438A41-76C9-4587-A294-70457047926C}.Release|Any CPU.Build.0 = Release|Any CPU
		{EAE6B6AB-1499-416B-8F9D-C246737C1237}.Debug|Any CPU.ActiveCfg = Debug|Any CPU
		{EAE6B6AB-1499-416B-8F9D-C246737C1237}.Debug|Any CPU.Build.0 = Debug|Any CPU
		{EAE6B6AB-1499-416B-8F9D-C246737C1237}.Release|Any CPU.ActiveCfg = Release|Any CPU
		{EAE6B6AB-1499-416B-8F9D-C246737C1237}.Release|Any CPU.Build.0 = Release|Any CPU
	EndGlobalSection
	GlobalSection(SolutionProperties) = preSolution
		HideSolutionNode = FALSE
	EndGlobalSection
	GlobalSection(ExtensibilityGlobals) = postSolution
		SolutionGuid = {7E9BFA23-D2B2-4928-9010-581A7E89EF72}
	EndGlobalSection
EndGlobal
